
Microsoft Visual Studio Solution File, Format Version 12.00
# Visual Studio 2013
VisualStudioVersion = 12.0.40629.0
MinimumVisualStudioVersion = 10.0.40219.1
Project("{FAE04EC0-301F-11D3-BF4B-00C04F79EFBC}") = "AnyCode", "AnyCode\AnyCode.csproj", "{D13B13E3-14B6-451D-9499-D5B21D7DE3E4}"
EndProject
Project("{FAE04EC0-301F-11D3-BF4B-00C04F79EFBC}") = "Common", "Common\Common.csproj", "{4385FB82-9F46-4D6B-9F7C-ABB954639FD3}"
EndProject
Project("{FAE04EC0-301F-11D3-BF4B-00C04F79EFBC}") = "DBlinq", "DBlinq\DBlinq.csproj", "{877C8EE2-B8C1-4C01-A9E2-2AAAC3679656}"
EndProject
Project("{FAE04EC0-301F-11D3-BF4B-00C04F79EFBC}") = "EfSearchModel", "EfSearchModel\EfSearchModel.csproj", "{787DBFB5-1861-493F-8D8C-35886810445B}"
EndProject
Project("{FAE04EC0-301F-11D3-BF4B-00C04F79EFBC}") = "LinqTODB", "LinqTODB\LinqTODB.csproj", "{FD6F4786-3985-4296-B260-B7A2F59F3678}"
EndProject
Global
	GlobalSection(SolutionConfigurationPlatforms) = preSolution
		Debug|Any CPU = Debug|Any CPU
		Release|Any CPU = Release|Any CPU
	EndGlobalSection
	GlobalSection(ProjectConfigurationPlatforms) = postSolution
		{D13B13E3-14B6-451D-9499-D5B21D7DE3E4}.Debug|Any CPU.ActiveCfg = Debug|Any CPU
		{D13B13E3-14B6-451D-9499-D5B21D7DE3E4}.Debug|Any CPU.Build.0 = Debug|Any CPU
		{D13B13E3-14B6-451D-9499-D5B21D7DE3E4}.Release|Any CPU.ActiveCfg = Release|Any CPU
		{D13B13E3-14B6-451D-9499-D5B21D7DE3E4}.Release|Any CPU.Build.0 = Release|Any CPU
		{4385FB82-9F46-4D6B-9F7C-ABB954639FD3}.Debug|Any CPU.ActiveCfg = Debug|Any CPU
		{4385FB82-9F46-4D6B-9F7C-ABB954639FD3}.Debug|Any CPU.Build.0 = Debug|Any CPU
		{4385FB82-9F46-4D6B-9F7C-ABB954639FD3}.Release|Any CPU.ActiveCfg = Release|Any CPU
		{4385FB82-9F46-4D6B-9F7C-ABB954639FD3}.Release|Any CPU.Build.0 = Release|Any CPU
		{877C8EE2-B8C1-4C01-A9E2-2AAAC3679656}.Debug|Any CPU.ActiveCfg = Debug|Any CPU
		{877C8EE2-B8C1-4C01-A9E2-2AAAC3679656}.Debug|Any CPU.Build.0 = Debug|Any CPU
		{877C8EE2-B8C1-4C01-A9E2-2AAAC3679656}.Release|Any CPU.ActiveCfg = Release|Any CPU
		{877C8EE2-B8C1-4C01-A9E2-2AAAC3679656}.Release|Any CPU.Build.0 = Release|Any CPU
		{787DBFB5-1861-493F-8D8C-35886810445B}.Debug|Any CPU.ActiveCfg = Debug|Any CPU
		{787DBFB5-1861-493F-8D8C-35886810445B}.Debug|Any CPU.Build.0 = Debug|Any CPU
		{787DBFB5-1861-493F-8D8C-35886810445B}.Release|Any CPU.ActiveCfg = Release|Any CPU
		{787DBFB5-1861-493F-8D8C-35886810445B}.Release|Any CPU.Build.0 = Release|Any CPU
		{FD6F4786-3985-4296-B260-B7A2F59F3678}.Debug|Any CPU.ActiveCfg = Debug|Any CPU
		{FD6F4786-3985-4296-B260-B7A2F59F3678}.Debug|Any CPU.Build.0 = Debug|Any CPU
		{FD6F4786-3985-4296-B260-B7A2F59F3678}.Release|Any CPU.ActiveCfg = Release|Any CPU
		{FD6F4786-3985-4296-B260-B7A2F59F3678}.Release|Any CPU.Build.0 = Release|Any CPU
	EndGlobalSection
	GlobalSection(SolutionProperties) = preSolution
		HideSolutionNode = FALSE
	EndGlobalSection
EndGlobal
